
Microsoft Visual Studio Solution File, Format Version 12.00
# Visual Studio Version 16
VisualStudioVersion = 16.0.30711.63
MinimumVisualStudioVersion = 10.0.40219.1
Project("{FAE04EC0-301F-11D3-BF4B-00C04F79EFBC}") = "aprendendoVariaveis", "aprendendoVariaveis\aprendendoVariaveis.csproj", "{3EC86FFD-CCF5-4110-8AA5-37595F98DA27}"
EndProject
Global
	GlobalSection(SolutionConfigurationPlatforms) = preSolution
		Debug|Any CPU = Debug|Any CPU
		Release|Any CPU = Release|Any CPU
	EndGlobalSection
	GlobalSection(ProjectConfigurationPlatforms) = postSolution
		{3EC86FFD-CCF5-4110-8AA5-37595F98DA27}.Debug|Any CPU.ActiveCfg = Debug|Any CPU
		{3EC86FFD-CCF5-4110-8AA5-37595F98DA27}.Debug|Any CPU.Build.0 = Debug|Any CPU
		{3EC86FFD-CCF5-4110-8AA5-37595F98DA27}.Release|Any CPU.ActiveCfg = Release|Any CPU
		{3EC86FFD-CCF5-4110-8AA5-37595F98DA27}.Release|Any CPU.Build.0 = Release|Any CPU
	EndGlobalSection
	GlobalSection(SolutionProperties) = preSolution
		HideSolutionNode = FALSE
	EndGlobalSection
	GlobalSection(ExtensibilityGlobals) = postSolution
		SolutionGuid = {3E4F36A3-B51E-470E-87F7-D92977F339D3}
	EndGlobalSection
EndGlobal
