
Microsoft Visual Studio Solution File, Format Version 12.00
# Visual Studio Version 16
VisualStudioVersion = 16.0.30711.63
MinimumVisualStudioVersion = 10.0.40219.1
Project("{9A19103F-16F7-4668-BE54-9A1E7A4F7556}") = "aula010 metodos", "aula010 metodos\aula010 metodos.csproj", "{CA528282-4037-4229-9221-FC6F1B5A6F0B}"
EndProject
Project("{FAE04EC0-301F-11D3-BF4B-00C04F79EFBC}") = "funcoes", "funcoes\funcoes.csproj", "{44A56F98-D69E-424B-8317-25F7A0393E96}"
EndProject
Global
	GlobalSection(SolutionConfigurationPlatforms) = preSolution
		Debug|Any CPU = Debug|Any CPU
		Release|Any CPU = Release|Any CPU
	EndGlobalSection
	GlobalSection(ProjectConfigurationPlatforms) = postSolution
		{CA528282-4037-4229-9221-FC6F1B5A6F0B}.Debug|Any CPU.ActiveCfg = Debug|Any CPU
		{CA528282-4037-4229-9221-FC6F1B5A6F0B}.Debug|Any CPU.Build.0 = Debug|Any CPU
		{CA528282-4037-4229-9221-FC6F1B5A6F0B}.Release|Any CPU.ActiveCfg = Release|Any CPU
		{CA528282-4037-4229-9221-FC6F1B5A6F0B}.Release|Any CPU.Build.0 = Release|Any CPU
		{44A56F98-D69E-424B-8317-25F7A0393E96}.Debug|Any CPU.ActiveCfg = Debug|Any CPU
		{44A56F98-D69E-424B-8317-25F7A0393E96}.Debug|Any CPU.Build.0 = Debug|Any CPU
		{44A56F98-D69E-424B-8317-25F7A0393E96}.Release|Any CPU.ActiveCfg = Release|Any CPU
		{44A56F98-D69E-424B-8317-25F7A0393E96}.Release|Any CPU.Build.0 = Release|Any CPU
	EndGlobalSection
	GlobalSection(SolutionProperties) = preSolution
		HideSolutionNode = FALSE
	EndGlobalSection
	GlobalSection(ExtensibilityGlobals) = postSolution
		SolutionGuid = {374788AF-D353-4B05-8E18-5E5473C67C93}
	EndGlobalSection
EndGlobal
