
Microsoft Visual Studio Solution File, Format Version 12.00
# Visual Studio Version 16
VisualStudioVersion = 16.0.30711.63
MinimumVisualStudioVersion = 10.0.40219.1
Project("{FAE04EC0-301F-11D3-BF4B-00C04F79EFBC}") = "Exercicio", "Exercicio\Exercicio.csproj", "{A5290F59-6F79-4615-A194-1EC507383FB2}"
EndProject
Global
	GlobalSection(SolutionConfigurationPlatforms) = preSolution
		Debug|Any CPU = Debug|Any CPU
		Release|Any CPU = Release|Any CPU
	EndGlobalSection
	GlobalSection(ProjectConfigurationPlatforms) = postSolution
		{A5290F59-6F79-4615-A194-1EC507383FB2}.Debug|Any CPU.ActiveCfg = Debug|Any CPU
		{A5290F59-6F79-4615-A194-1EC507383FB2}.Debug|Any CPU.Build.0 = Debug|Any CPU
		{A5290F59-6F79-4615-A194-1EC507383FB2}.Release|Any CPU.ActiveCfg = Release|Any CPU
		{A5290F59-6F79-4615-A194-1EC507383FB2}.Release|Any CPU.Build.0 = Release|Any CPU
	EndGlobalSection
	GlobalSection(SolutionProperties) = preSolution
		HideSolutionNode = FALSE
	EndGlobalSection
	GlobalSection(ExtensibilityGlobals) = postSolution
		SolutionGuid = {B0A48B3B-9BEB-46BF-B6CB-2710B820B2BA}
	EndGlobalSection
EndGlobal
